
Microsoft Visual Studio Solution File, Format Version 12.00
# Visual Studio Version 17
VisualStudioVersion = 17.5.002.0
MinimumVisualStudioVersion = 10.0.40219.1
Project("{9A19103F-16F7-4668-BE54-9A1E7A4F7556}") = "letter-grade-calculator-Ryan-Haug-Student", "letter-grade-calculator-Ryan-Haug-Student.csproj", "{67CE054B-C673-41CB-B85F-25401D7D819E}"
EndProject
Global
	GlobalSection(SolutionConfigurationPlatforms) = preSolution
		Debug|Any CPU = Debug|Any CPU
		Release|Any CPU = Release|Any CPU
	EndGlobalSection
	GlobalSection(ProjectConfigurationPlatforms) = postSolution
		{67CE054B-C673-41CB-B85F-25401D7D819E}.Debug|Any CPU.ActiveCfg = Debug|Any CPU
		{67CE054B-C673-41CB-B85F-25401D7D819E}.Debug|Any CPU.Build.0 = Debug|Any CPU
		{67CE054B-C673-41CB-B85F-25401D7D819E}.Release|Any CPU.ActiveCfg = Release|Any CPU
		{67CE054B-C673-41CB-B85F-25401D7D819E}.Release|Any CPU.Build.0 = Release|Any CPU
	EndGlobalSection
	GlobalSection(SolutionProperties) = preSolution
		HideSolutionNode = FALSE
	EndGlobalSection
	GlobalSection(ExtensibilityGlobals) = postSolution
		SolutionGuid = {384DC676-7F29-4E48-BD80-7AA244EB65FD}
	EndGlobalSection
EndGlobal
